{
  "lockfileVersion": 1,
  "workspaces": {
    "": {
      "name": "@hypr/plugin-location-connectivity",
      "dependencies": {
        "@tauri-apps/api": "^2.5.0",
      },
    },
  },
  "packages": {
    "@tauri-apps/api": ["@tauri-apps/api@2.5.0", "", {}, "sha512-Ldux4ip+HGAcPUmuLT8EIkk6yafl5vK0P0c0byzAKzxJh7vxelVtdPONjfgTm96PbN24yjZNESY8CKo8qniluA=="],
  }
}
